// !$*UTF8*$!
{
	archiveVersion = 1;
	classes = {
	};
	objectVersion = 51;
	objects = {

/* Begin PBXBuildFile section */
		A82CD2A425E80E150084822B /* AppDelegate.swift in Sources */ = {isa = PBXBuildFile; fileRef = A82CD2A325E80E150084822B /* AppDelegate.swift */; };
		A82CD2A625E80E150084822B /* SceneDelegate.swift in Sources */ = {isa = PBXBuildFile; fileRef = A82CD2A525E80E150084822B /* SceneDelegate.swift */; };
		A82CD2A825E80E150084822B /* AnimatedViewController.swift in Sources */ = {isa = PBXBuildFile; fileRef = A82CD2A725E80E150084822B /* AnimatedViewController.swift */; };
		A82CD2AB25E80E150084822B /* Main.storyboard in Resources */ = {isa = PBXBuildFile; fileRef = A82CD2A925E80E150084822B /* Main.storyboard */; };
		A82CD2AD25E80E1A0084822B /* Assets.xcassets in Resources */ = {isa = PBXBuildFile; fileRef = A82CD2AC25E80E1A0084822B /* Assets.xcassets */; };
		A82CD2B025E80E1A0084822B /* LaunchScreen.storyboard in Resources */ = {isa = PBXBuildFile; fileRef = A82CD2AE25E80E1A0084822B /* LaunchScreen.storyboard */; };
		A82CD2C325E95BCD0084822B /* Animation.swift in Sources */ = {isa = PBXBuildFile; fileRef = A82CD2C225E95BCD0084822B /* Animation.swift */; };
		FFCC74A9E7D850D97A234B76 /* Pods_GolenovichAL_HW2_9.framework in Frameworks */ = {isa = PBXBuildFile; fileRef = 97C7BAB46C6CEFA897A2C0C2 /* Pods_GolenovichAL_HW2_9.framework */; };
/* End PBXBuildFile section */

/* Begin PBXFileReference section */
		3B477794158E194857E0AA58 /* Pods-GolenovichAL_HW2.9.release.xcconfig */ = {isa = PBXFileReference; includeInIndex = 1; lastKnownFileType = text.xcconfig; name = "Pods-GolenovichAL_HW2.9.release.xcconfig"; path = "Target Support Files/Pods-GolenovichAL_HW2.9/Pods-GolenovichAL_HW2.9.release.xcconfig"; sourceTree = "<group>"; };
		5D5C2FC17055DBE55264E8CC /* Pods-GolenovichAL_HW2.9.debug.xcconfig */ = {isa = PBXFileReference; includeInIndex = 1; lastKnownFileType = text.xcconfig; name = "Pods-GolenovichAL_HW2.9.debug.xcconfig"; path = "Target Support Files/Pods-GolenovichAL_HW2.9/Pods-GolenovichAL_HW2.9.debug.xcconfig"; sourceTree = "<group>"; };
		97C7BAB46C6CEFA897A2C0C2 /* Pods_GolenovichAL_HW2_9.framework */ = {isa = PBXFileReference; explicitFileType = wrapper.framework; includeInIndex = 0; path = Pods_GolenovichAL_HW2_9.framework; sourceTree = BUILT_PRODUCTS_DIR; };
		A82CD2A025E80E150084822B /* GolenovichAL_HW2.9.app */ = {isa = PBXFileReference; explicitFileType = wrapper.application; includeInIndex = 0; path = GolenovichAL_HW2.9.app; sourceTree = BUILT_PRODUCTS_DIR; };
		A82CD2A325E80E150084822B /* AppDelegate.swift */ = {isa = PBXFileReference; lastKnownFileType = sourcecode.swift; path = AppDelegate.swift; sourceTree = "<group>"; };
		A82CD2A525E80E150084822B /* SceneDelegate.swift */ = {isa = PBXFileReference; lastKnownFileType = sourcecode.swift; path = SceneDelegate.swift; sourceTree = "<group>"; };
		A82CD2A725E80E150084822B /* AnimatedViewController.swift */ = {isa = PBXFileReference; lastKnownFileType = sourcecode.swift; path = AnimatedViewController.swift; sourceTree = "<group>"; };
		A82CD2AA25E80E150084822B /* Base */ = {isa = PBXFileReference; lastKnownFileType = file.storyboard; name = Base; path = Base.lproj/Main.storyboard; sourceTree = "<group>"; };
		A82CD2AC25E80E1A0084822B /* Assets.xcassets */ = {isa = PBXFileReference; lastKnownFileType = folder.assetcatalog; path = Assets.xcassets; sourceTree = "<group>"; };
		A82CD2AF25E80E1A0084822B /* Base */ = {isa = PBXFileReference; lastKnownFileType = file.storyboard; name = Base; path = Base.lproj/LaunchScreen.storyboard; sourceTree = "<group>"; };
		A82CD2B125E80E1A0084822B /* Info.plist */ = {isa = PBXFileReference; lastKnownFileType = text.plist.xml; path = Info.plist; sourceTree = "<group>"; };
		A82CD2C225E95BCD0084822B /* Animation.swift */ = {isa = PBXFileReference; lastKnownFileType = sourcecode.swift; path = Animation.swift; sourceTree = "<group>"; };
/* End PBXFileReference section */

/* Begin PBXFrameworksBuildPhase section */
		A82CD29D25E80E150084822B /* Frameworks */ = {
			isa = PBXFrameworksBuildPhase;
			buildActionMask = 2147483647;
			files = (
				FFCC74A9E7D850D97A234B76 /* Pods_GolenovichAL_HW2_9.framework in Frameworks */,
			);
			runOnlyForDeploymentPostprocessing = 0;
		};
/* End PBXFrameworksBuildPhase section */

/* Begin PBXGroup section */
		96D94F6A74CE6B322D183576 /* Pods */ = {
			isa = PBXGroup;
			children = (
				5D5C2FC17055DBE55264E8CC /* Pods-GolenovichAL_HW2.9.debug.xcconfig */,
				3B477794158E194857E0AA58 /* Pods-GolenovichAL_HW2.9.release.xcconfig */,
			);
			path = Pods;
			sourceTree = "<group>";
		};
		A0FC2FE0456FCBAEC9495C90 /* Frameworks */ = {
			isa = PBXGroup;
			children = (
				97C7BAB46C6CEFA897A2C0C2 /* Pods_GolenovichAL_HW2_9.framework */,
			);
			name = Frameworks;
			sourceTree = "<group>";
		};
		A82CD29725E80E150084822B = {
			isa = PBXGroup;
			children = (
				A82CD2A225E80E150084822B /* GolenovichAL_HW2.9 */,
				A82CD2A125E80E150084822B /* Products */,
				96D94F6A74CE6B322D183576 /* Pods */,
				A0FC2FE0456FCBAEC9495C90 /* Frameworks */,
			);
			sourceTree = "<group>";
		};
		A82CD2A125E80E150084822B /* Products */ = {
			isa = PBXGroup;
			children = (
				A82CD2A025E80E150084822B /* GolenovichAL_HW2.9.app */,
			);
			name = Products;
			sourceTree = "<group>";
		};
		A82CD2A225E80E150084822B /* GolenovichAL_HW2.9 */ = {
			isa = PBXGroup;
			children = (
				A82CD2C525E95BD40084822B /* Models */,
				A82CD2BF25E95B610084822B /* ViewControllers */,
				A82CD2C025E95B790084822B /* Storyboards */,
				A82CD2C125E95B820084822B /* Resources */,
				A82CD2BC25E95B370084822B /* SupportingFiles */,
			);
			path = GolenovichAL_HW2.9;
			sourceTree = "<group>";
		};
		A82CD2BC25E95B370084822B /* SupportingFiles */ = {
			isa = PBXGroup;
			children = (
				A82CD2A325E80E150084822B /* AppDelegate.swift */,
				A82CD2A525E80E150084822B /* SceneDelegate.swift */,
				A82CD2B125E80E1A0084822B /* Info.plist */,
			);
			path = SupportingFiles;
			sourceTree = "<group>";
		};
		A82CD2BF25E95B610084822B /* ViewControllers */ = {
			isa = PBXGroup;
			children = (
				A82CD2A725E80E150084822B /* AnimatedViewController.swift */,
			);
			path = ViewControllers;
			sourceTree = "<group>";
		};
		A82CD2C025E95B790084822B /* Storyboards */ = {
			isa = PBXGroup;
			children = (
				A82CD2A925E80E150084822B /* Main.storyboard */,
				A82CD2AE25E80E1A0084822B /* LaunchScreen.storyboard */,
			);
			path = Storyboards;
			sourceTree = "<group>";
		};
		A82CD2C125E95B820084822B /* Resources */ = {
			isa = PBXGroup;
			children = (
				A82CD2AC25E80E1A0084822B /* Assets.xcassets */,
			);
			path = Resources;
			sourceTree = "<group>";
		};
		A82CD2C525E95BD40084822B /* Models */ = {
			isa = PBXGroup;
			children = (
				A82CD2C225E95BCD0084822B /* Animation.swift */,
			);
			path = Models;
			sourceTree = "<group>";
		};
/* End PBXGroup section */

/* Begin PBXNativeTarget section */
		A82CD29F25E80E150084822B /* GolenovichAL_HW2.9 */ = {
			isa = PBXNativeTarget;
			buildConfigurationList = A82CD2B425E80E1A0084822B /* Build configuration list for PBXNativeTarget "GolenovichAL_HW2.9" */;
			buildPhases = (
				DDE8ED866F5548A295DD17D6 /* [CP] Check Pods Manifest.lock */,
				A82CD29C25E80E150084822B /* Sources */,
				A82CD29D25E80E150084822B /* Frameworks */,
				A82CD29E25E80E150084822B /* Resources */,
				C8CEAF44024E204EB3938D25 /* [CP] Embed Pods Frameworks */,
			);
			buildRules = (
			);
			dependencies = (
			);
			name = GolenovichAL_HW2.9;
			productName = GolenovichAL_HW2.9;
			productReference = A82CD2A025E80E150084822B /* GolenovichAL_HW2.9.app */;
			productType = "com.apple.product-type.application";
		};
/* End PBXNativeTarget section */

/* Begin PBXProject section */
		A82CD29825E80E150084822B /* Project object */ = {
			isa = PBXProject;
			attributes = {
				LastSwiftUpdateCheck = 1240;
				LastUpgradeCheck = 1240;
				TargetAttributes = {
					A82CD29F25E80E150084822B = {
						CreatedOnToolsVersion = 12.4;
					};
				};
			};
			buildConfigurationList = A82CD29B25E80E150084822B /* Build configuration list for PBXProject "GolenovichAL_HW2.9" */;
			compatibilityVersion = "Xcode 9.3";
			developmentRegion = en;
			hasScannedForEncodings = 0;
			knownRegions = (
				en,
				Base,
			);
			mainGroup = A82CD29725E80E150084822B;
			productRefGroup = A82CD2A125E80E150084822B /* Products */;
			projectDirPath = "";
			projectRoot = "";
			targets = (
				A82CD29F25E80E150084822B /* GolenovichAL_HW2.9 */,
			);
		};
/* End PBXProject section */

/* Begin PBXResourcesBuildPhase section */
		A82CD29E25E80E150084822B /* Resources */ = {
			isa = PBXResourcesBuildPhase;
			buildActionMask = 2147483647;
			files = (
				A82CD2B025E80E1A0084822B /* LaunchScreen.storyboard in Resources */,
				A82CD2AD25E80E1A0084822B /* Assets.xcassets in Resources */,
				A82CD2AB25E80E150084822B /* Main.storyboard in Resources */,
			);
			runOnlyForDeploymentPostprocessing = 0;
		};
/* End PBXResourcesBuildPhase section */

/* Begin PBXShellScriptBuildPhase section */
		C8CEAF44024E204EB3938D25 /* [CP] Embed Pods Frameworks */ = {
			isa = PBXShellScriptBuildPhase;
			buildActionMask = 2147483647;
			files = (
			);
			inputFileListPaths = (
				"${PODS_ROOT}/Target Support Files/Pods-GolenovichAL_HW2.9/Pods-GolenovichAL_HW2.9-frameworks-${CONFIGURATION}-input-files.xcfilelist",
			);
			name = "[CP] Embed Pods Frameworks";
			outputFileListPaths = (
				"${PODS_ROOT}/Target Support Files/Pods-GolenovichAL_HW2.9/Pods-GolenovichAL_HW2.9-frameworks-${CONFIGURATION}-output-files.xcfilelist",
			);
			runOnlyForDeploymentPostprocessing = 0;
			shellPath = /bin/sh;
			shellScript = "\"${PODS_ROOT}/Target Support Files/Pods-GolenovichAL_HW2.9/Pods-GolenovichAL_HW2.9-frameworks.sh\"\n";
			showEnvVarsInLog = 0;
		};
		DDE8ED866F5548A295DD17D6 /* [CP] Check Pods Manifest.lock */ = {
			isa = PBXShellScriptBuildPhase;
			buildActionMask = 2147483647;
			files = (
			);
			inputFileListPaths = (
			);
			inputPaths = (
				"${PODS_PODFILE_DIR_PATH}/Podfile.lock",
				"${PODS_ROOT}/Manifest.lock",
			);
			name = "[CP] Check Pods Manifest.lock";
			outputFileListPaths = (
			);
			outputPaths = (
				"$(DERIVED_FILE_DIR)/Pods-GolenovichAL_HW2.9-checkManifestLockResult.txt",
			);
			runOnlyForDeploymentPostprocessing = 0;
			shellPath = /bin/sh;
			shellScript = "diff \"${PODS_PODFILE_DIR_PATH}/Podfile.lock\" \"${PODS_ROOT}/Manifest.lock\" > /dev/null\nif [ $? != 0 ] ; then\n    # print error to STDERR\n    echo \"error: The sandbox is not in sync with the Podfile.lock. Run 'pod install' or update your CocoaPods installation.\" >&2\n    exit 1\nfi\n# This output is used by Xcode 'outputs' to avoid re-running this script phase.\necho \"SUCCESS\" > \"${SCRIPT_OUTPUT_FILE_0}\"\n";
			showEnvVarsInLog = 0;
		};
/* End PBXShellScriptBuildPhase section */

/* Begin PBXSourcesBuildPhase section */
		A82CD29C25E80E150084822B /* Sources */ = {
			isa = PBXSourcesBuildPhase;
			buildActionMask = 2147483647;
			files = (
				A82CD2A825E80E150084822B /* AnimatedViewController.swift in Sources */,
				A82CD2A425E80E150084822B /* AppDelegate.swift in Sources */,
				A82CD2C325E95BCD0084822B /* Animation.swift in Sources */,
				A82CD2A625E80E150084822B /* SceneDelegate.swift in Sources */,
			);
			runOnlyForDeploymentPostprocessing = 0;
		};
/* End PBXSourcesBuildPhase section */

/* Begin PBXVariantGroup section */
		A82CD2A925E80E150084822B /* Main.storyboard */ = {
			isa = PBXVariantGroup;
			children = (
				A82CD2AA25E80E150084822B /* Base */,
			);
			name = Main.storyboard;
			sourceTree = "<group>";
		};
		A82CD2AE25E80E1A0084822B /* LaunchScreen.storyboard */ = {
			isa = PBXVariantGroup;
			children = (
				A82CD2AF25E80E1A0084822B /* Base */,
			);
			name = LaunchScreen.storyboard;
			sourceTree = "<group>";
		};
/* End PBXVariantGroup section */

/* Begin XCBuildConfiguration section */
		A82CD2B225E80E1A0084822B /* Debug */ = {
			isa = XCBuildConfiguration;
			buildSettings = {
				ALWAYS_SEARCH_USER_PATHS = NO;
				CLANG_ANALYZER_NONNULL = YES;
				CLANG_ANALYZER_NUMBER_OBJECT_CONVERSION = YES_AGGRESSIVE;
				CLANG_CXX_LANGUAGE_STANDARD = "gnu++14";
				CLANG_CXX_LIBRARY = "libc++";
				CLANG_ENABLE_MODULES = YES;
				CLANG_ENABLE_OBJC_ARC = YES;
				CLANG_ENABLE_OBJC_WEAK = YES;
				CLANG_WARN_BLOCK_CAPTURE_AUTORELEASING = YES;
				CLANG_WARN_BOOL_CONVERSION = YES;
				CLANG_WARN_COMMA = YES;
				CLANG_WARN_CONSTANT_CONVERSION = YES;
				CLANG_WARN_DEPRECATED_OBJC_IMPLEMENTATIONS = YES;
				CLANG_WARN_DIRECT_OBJC_ISA_USAGE = YES_ERROR;
				CLANG_WARN_DOCUMENTATION_COMMENTS = YES;
				CLANG_WARN_EMPTY_BODY = YES;
				CLANG_WARN_ENUM_CONVERSION = YES;
				CLANG_WARN_INFINITE_RECURSION = YES;
				CLANG_WARN_INT_CONVERSION = YES;
				CLANG_WARN_NON_LITERAL_NULL_CONVERSION = YES;
				CLANG_WARN_OBJC_IMPLICIT_RETAIN_SELF = YES;
				CLANG_WARN_OBJC_LITERAL_CONVERSION = YES;
				CLANG_WARN_OBJC_ROOT_CLASS = YES_ERROR;
				CLANG_WARN_QUOTED_INCLUDE_IN_FRAMEWORK_HEADER = YES;
				CLANG_WARN_RANGE_LOOP_ANALYSIS = YES;
				CLANG_WARN_STRICT_PROTOTYPES = YES;
				CLANG_WARN_SUSPICIOUS_MOVE = YES;
				CLANG_WARN_UNGUARDED_AVAILABILITY = YES_AGGRESSIVE;
				CLANG_WARN_UNREACHABLE_CODE = YES;
				CLANG_WARN__DUPLICATE_METHOD_MATCH = YES;
				COPY_PHASE_STRIP = NO;
				DEBUG_INFORMATION_FORMAT = dwarf;
				ENABLE_STRICT_OBJC_MSGSEND = YES;
				ENABLE_TESTABILITY = YES;
				GCC_C_LANGUAGE_STANDARD = gnu11;
				GCC_DYNAMIC_NO_PIC = NO;
				GCC_NO_COMMON_BLOCKS = YES;
				GCC_OPTIMIZATION_LEVEL = 0;
				GCC_PREPROCESSOR_DEFINITIONS = (
					"DEBUG=1",
					"$(inherited)",
				);
				GCC_WARN_64_TO_32_BIT_CONVERSION = YES;
				GCC_WARN_ABOUT_RETURN_TYPE = YES_ERROR;
				GCC_WARN_UNDECLARED_SELECTOR = YES;
				GCC_WARN_UNINITIALIZED_AUTOS = YES_AGGRESSIVE;
				GCC_WARN_UNUSED_FUNCTION = YES;
				GCC_WARN_UNUSED_VARIABLE = YES;
				IPHONEOS_DEPLOYMENT_TARGET = 14.4;
				MTL_ENABLE_DEBUG_INFO = INCLUDE_SOURCE;
				MTL_FAST_MATH = YES;
				ONLY_ACTIVE_ARCH = YES;
				SDKROOT = iphoneos;
				SWIFT_ACTIVE_COMPILATION_CONDITIONS = DEBUG;
				SWIFT_OPTIMIZATION_LEVEL = "-Onone";
			};
			name = Debug;
		};
		A82CD2B325E80E1A0084822B /* Release */ = {
			isa = XCBuildConfiguration;
			buildSettings = {
				ALWAYS_SEARCH_USER_PATHS = NO;
				CLANG_ANALYZER_NONNULL = YES;
				CLANG_ANALYZER_NUMBER_OBJECT_CONVERSION = YES_AGGRESSIVE;
				CLANG_CXX_LANGUAGE_STANDARD = "gnu++14";
				CLANG_CXX_LIBRARY = "libc++";
				CLANG_ENABLE_MODULES = YES;
				CLANG_ENABLE_OBJC_ARC = YES;
				CLANG_ENABLE_OBJC_WEAK = YES;
				CLANG_WARN_BLOCK_CAPTURE_AUTORELEASING = YES;
				CLANG_WARN_BOOL_CONVERSION = YES;
				CLANG_WARN_COMMA = YES;
				CLANG_WARN_CONSTANT_CONVERSION = YES;
				CLANG_WARN_DEPRECATED_OBJC_IMPLEMENTATIONS = YES;
				CLANG_WARN_DIRECT_OBJC_ISA_USAGE = YES_ERROR;
				CLANG_WARN_DOCUMENTATION_COMMENTS = YES;
				CLANG_WARN_EMPTY_BODY = YES;
				CLANG_WARN_ENUM_CONVERSION = YES;
				CLANG_WARN_INFINITE_RECURSION = YES;
				CLANG_WARN_INT_CONVERSION = YES;
				CLANG_WARN_NON_LITERAL_NULL_CONVERSION = YES;
				CLANG_WARN_OBJC_IMPLICIT_RETAIN_SELF = YES;
				CLANG_WARN_OBJC_LITERAL_CONVERSION = YES;
				CLANG_WARN_OBJC_ROOT_CLASS = YES_ERROR;
				CLANG_WARN_QUOTED_INCLUDE_IN_FRAMEWORK_HEADER = YES;
				CLANG_WARN_RANGE_LOOP_ANALYSIS = YES;
				CLANG_WARN_STRICT_PROTOTYPES = YES;
				CLANG_WARN_SUSPICIOUS_MOVE = YES;
				CLANG_WARN_UNGUARDED_AVAILABILITY = YES_AGGRESSIVE;
				CLANG_WARN_UNREACHABLE_CODE = YES;
				CLANG_WARN__DUPLICATE_METHOD_MATCH = YES;
				COPY_PHASE_STRIP = NO;
				DEBUG_INFORMATION_FORMAT = "dwarf-with-dsym";
				ENABLE_NS_ASSERTIONS = NO;
				ENABLE_STRICT_OBJC_MSGSEND = YES;
				GCC_C_LANGUAGE_STANDARD = gnu11;
				GCC_NO_COMMON_BLOCKS = YES;
				GCC_WARN_64_TO_32_BIT_CONVERSION = YES;
				GCC_WARN_ABOUT_RETURN_TYPE = YES_ERROR;
				GCC_WARN_UNDECLARED_SELECTOR = YES;
				GCC_WARN_UNINITIALIZED_AUTOS = YES_AGGRESSIVE;
				GCC_WARN_UNUSED_FUNCTION = YES;
				GCC_WARN_UNUSED_VARIABLE = YES;
				IPHONEOS_DEPLOYMENT_TARGET = 14.4;
				MTL_ENABLE_DEBUG_INFO = NO;
				MTL_FAST_MATH = YES;
				SDKROOT = iphoneos;
				SWIFT_COMPILATION_MODE = wholemodule;
				SWIFT_OPTIMIZATION_LEVEL = "-O";
				VALIDATE_PRODUCT = YES;
			};
			name = Release;
		};
		A82CD2B525E80E1A0084822B /* Debug */ = {
			isa = XCBuildConfiguration;
			baseConfigurationReference = 5D5C2FC17055DBE55264E8CC /* Pods-GolenovichAL_HW2.9.debug.xcconfig */;
			buildSettings = {
				ASSETCATALOG_COMPILER_APPICON_NAME = AppIcon;
				ASSETCATALOG_COMPILER_GLOBAL_ACCENT_COLOR_NAME = AccentColor;
				CODE_SIGN_STYLE = Automatic;
				INFOPLIST_FILE = GolenovichAL_HW2.9/SupportingFiles/Info.plist;
				LD_RUNPATH_SEARCH_PATHS = (
					"$(inherited)",
					"@executable_path/Frameworks",
				);
				PRODUCT_BUNDLE_IDENTIFIER = "AGTest.GolenovichAL-HW2-9";
				PRODUCT_NAME = "$(TARGET_NAME)";
				SWIFT_VERSION = 5.0;
				TARGETED_DEVICE_FAMILY = "1,2";
			};
			name = Debug;
		};
		A82CD2B625E80E1A0084822B /* Release */ = {
			isa = XCBuildConfiguration;
			baseConfigurationReference = 3B477794158E194857E0AA58 /* Pods-GolenovichAL_HW2.9.release.xcconfig */;
			buildSettings = {
				ASSETCATALOG_COMPILER_APPICON_NAME = AppIcon;
				ASSETCATALOG_COMPILER_GLOBAL_ACCENT_COLOR_NAME = AccentColor;
				CODE_SIGN_STYLE = Automatic;
				INFOPLIST_FILE = GolenovichAL_HW2.9/SupportingFiles/Info.plist;
				LD_RUNPATH_SEARCH_PATHS = (
					"$(inherited)",
					"@executable_path/Frameworks",
				);
				PRODUCT_BUNDLE_IDENTIFIER = "AGTest.GolenovichAL-HW2-9";
				PRODUCT_NAME = "$(TARGET_NAME)";
				SWIFT_VERSION = 5.0;
				TARGETED_DEVICE_FAMILY = "1,2";
			};
			name = Release;
		};
/* End XCBuildConfiguration section */

/* Begin XCConfigurationList section */
		A82CD29B25E80E150084822B /* Build configuration list for PBXProject "GolenovichAL_HW2.9" */ = {
			isa = XCConfigurationList;
			buildConfigurations = (
				A82CD2B225E80E1A0084822B /* Debug */,
				A82CD2B325E80E1A0084822B /* Release */,
			);
			defaultConfigurationIsVisible = 0;
			defaultConfigurationName = Release;
		};
		A82CD2B425E80E1A0084822B /* Build configuration list for PBXNativeTarget "GolenovichAL_HW2.9" */ = {
			isa = XCConfigurationList;
			buildConfigurations = (
				A82CD2B525E80E1A0084822B /* Debug */,
				A82CD2B625E80E1A0084822B /* Release */,
			);
			defaultConfigurationIsVisible = 0;
			defaultConfigurationName = Release;
		};
/* End XCConfigurationList section */
	};
	rootObject = A82CD29825E80E150084822B /* Project object */;
}
